// !$*UTF8*$!
{
	archiveVersion = 1;
	classes = {
	};
	objectVersion = 46;
	objects = {

/* Begin PBXBuildFile section */
		15414FBF154CBB8F00C3C828 /* 3.png in Resources */ = {isa = PBXBuildFile; fileRef = 15414F9F154CBB8F00C3C828 /* 3.png */; };
		15414FC0154CBB8F00C3C828 /* 4.png in Resources */ = {isa = PBXBuildFile; fileRef = 15414FA0154CBB8F00C3C828 /* 4.png */; };
		15414FC1154CBB8F00C3C828 /* 5.png in Resources */ = {isa = PBXBuildFile; fileRef = 15414FA1154CBB8F00C3C828 /* 5.png */; };
		15414FC2154CBB8F00C3C828 /* 6.png in Resources */ = {isa = PBXBuildFile; fileRef = 15414FA2154CBB8F00C3C828 /* 6.png */; };
		15414FC3154CBB8F00C3C828 /* 7.png in Resources */ = {isa = PBXBuildFile; fileRef = 15414FA3154CBB8F00C3C828 /* 7.png */; };
		15414FC4154CBB8F00C3C828 /* 8.png in Resources */ = {isa = PBXBuildFile; fileRef = 15414FA4154CBB8F00C3C828 /* 8.png */; };
		15414FC5154CBB8F00C3C828 /* 9.png in Resources */ = {isa = PBXBuildFile; fileRef = 15414FA5154CBB8F00C3C828 /* 9.png */; };
		15414FC6154CBB8F00C3C828 /* 10.png in Resources */ = {isa = PBXBuildFile; fileRef = 15414FA6154CBB8F00C3C828 /* 10.png */; };
		15414FC7154CBB8F00C3C828 /* 11.png in Resources */ = {isa = PBXBuildFile; fileRef = 15414FA7154CBB8F00C3C828 /* 11.png */; };
		15414FC8154CBB8F00C3C828 /* 12.png in Resources */ = {isa = PBXBuildFile; fileRef = 15414FA8154CBB8F00C3C828 /* 12.png */; };
		15414FC9154CBB8F00C3C828 /* 13.png in Resources */ = {isa = PBXBuildFile; fileRef = 15414FA9154CBB8F00C3C828 /* 13.png */; };
		15414FCA154CBB8F00C3C828 /* 14.png in Resources */ = {isa = PBXBuildFile; fileRef = 15414FAA154CBB8F00C3C828 /* 14.png */; };
		15414FCB154CBB8F00C3C828 /* 15.png in Resources */ = {isa = PBXBuildFile; fileRef = 15414FAB154CBB8F00C3C828 /* 15.png */; };
		15414FCC154CBB8F00C3C828 /* 16.png in Resources */ = {isa = PBXBuildFile; fileRef = 15414FAC154CBB8F00C3C828 /* 16.png */; };
		15414FCD154CBB8F00C3C828 /* 17.png in Resources */ = {isa = PBXBuildFile; fileRef = 15414FAD154CBB8F00C3C828 /* 17.png */; };
		15414FCE154CBB8F00C3C828 /* 18.png in Resources */ = {isa = PBXBuildFile; fileRef = 15414FAE154CBB8F00C3C828 /* 18.png */; };
		15414FCF154CBB8F00C3C828 /* 19.png in Resources */ = {isa = PBXBuildFile; fileRef = 15414FAF154CBB8F00C3C828 /* 19.png */; };
		15414FD0154CBB8F00C3C828 /* 20.png in Resources */ = {isa = PBXBuildFile; fileRef = 15414FB0154CBB8F00C3C828 /* 20.png */; };
		15414FD1154CBB8F00C3C828 /* 21.png in Resources */ = {isa = PBXBuildFile; fileRef = 15414FB1154CBB8F00C3C828 /* 21.png */; };
		15414FD2154CBB8F00C3C828 /* 22.png in Resources */ = {isa = PBXBuildFile; fileRef = 15414FB2154CBB8F00C3C828 /* 22.png */; };
		15414FD3154CBB8F00C3C828 /* 23.png in Resources */ = {isa = PBXBuildFile; fileRef = 15414FB3154CBB8F00C3C828 /* 23.png */; };
		15414FD4154CBB8F00C3C828 /* 24.png in Resources */ = {isa = PBXBuildFile; fileRef = 15414FB4154CBB8F00C3C828 /* 24.png */; };
		15414FD5154CBB8F00C3C828 /* 25.png in Resources */ = {isa = PBXBuildFile; fileRef = 15414FB5154CBB8F00C3C828 /* 25.png */; };
		15414FD6154CBB8F00C3C828 /* 26.png in Resources */ = {isa = PBXBuildFile; fileRef = 15414FB6154CBB8F00C3C828 /* 26.png */; };
		15414FD7154CBB8F00C3C828 /* 27.png in Resources */ = {isa = PBXBuildFile; fileRef = 15414FB7154CBB8F00C3C828 /* 27.png */; };
		15414FD8154CBB8F00C3C828 /* 28.png in Resources */ = {isa = PBXBuildFile; fileRef = 15414FB8154CBB8F00C3C828 /* 28.png */; };
		15414FD9154CBB8F00C3C828 /* 29.png in Resources */ = {isa = PBXBuildFile; fileRef = 15414FB9154CBB8F00C3C828 /* 29.png */; };
		15414FDA154CBB8F00C3C828 /* 30.png in Resources */ = {isa = PBXBuildFile; fileRef = 15414FBA154CBB8F00C3C828 /* 30.png */; };
		15414FDB154CBB8F00C3C828 /* margin.png in Resources */ = {isa = PBXBuildFile; fileRef = 15414FBB154CBB8F00C3C828 /* margin.png */; };
		15414FDC154CBB8F00C3C828 /* play-button.png in Resources */ = {isa = PBXBuildFile; fileRef = 15414FBC154CBB8F00C3C828 /* play-button.png */; };
		15414FDF154CCB8900C3C828 /* totUtility.m in Sources */ = {isa = PBXBuildFile; fileRef = 15414FDE154CCB8800C3C828 /* totUtility.m */; };
		3FC1B6FC1543680300295447 /* libsqlite3.dylib in Frameworks */ = {isa = PBXBuildFile; fileRef = 3FC1B6FB1543680300295447 /* libsqlite3.dylib */; };
		3FC1B7001543689500295447 /* totdb.sqlite in Resources */ = {isa = PBXBuildFile; fileRef = 3FC1B6FF1543689500295447 /* totdb.sqlite */; };
		3FC1B7061543841800295447 /* totModel.m in Sources */ = {isa = PBXBuildFile; fileRef = 3FC1B7051543841800295447 /* totModel.m */; };
		3FC1B7091544F19700295447 /* totEvent.m in Sources */ = {isa = PBXBuildFile; fileRef = 3FC1B7081544F19600295447 /* totEvent.m */; };
		3FE9B5F7154A303100199AAF /* test_Model.m in Sources */ = {isa = PBXBuildFile; fileRef = 3FE9B5F6154A303100199AAF /* test_Model.m */; };
		3FE9B5FA154A313700199AAF /* totSliderView.m in Sources */ = {isa = PBXBuildFile; fileRef = 3FE9B5F9154A313700199AAF /* totSliderView.m */; };
		CE5C09FC154CCFDB00D41114 /* moviePlayerViewController.m in Sources */ = {isa = PBXBuildFile; fileRef = CE5C09F9154CCFDB00D41114 /* moviePlayerViewController.m */; };
		CE5C09FD154CCFDB00D41114 /* totAlbumViewController.m in Sources */ = {isa = PBXBuildFile; fileRef = CE5C09FB154CCFDB00D41114 /* totAlbumViewController.m */; };
		EF043C2B154D238000975BCD /* camera.png in Resources */ = {isa = PBXBuildFile; fileRef = EF043C29154D238000975BCD /* camera.png */; };
		EF043C2C154D238000975BCD /* video.png in Resources */ = {isa = PBXBuildFile; fileRef = EF043C2A154D238000975BCD /* video.png */; };
		EF043C32154D39CC00975BCD /* messagebox.png in Resources */ = {isa = PBXBuildFile; fileRef = EF043C31154D39CC00975BCD /* messagebox.png */; };
		EF043C39154DBB5200975BCD /* 1.png in Resources */ = {isa = PBXBuildFile; fileRef = EF043C37154DBB5200975BCD /* 1.png */; };
		EF043C3A154DBB5200975BCD /* 2.png in Resources */ = {isa = PBXBuildFile; fileRef = EF043C38154DBB5200975BCD /* 2.png */; };
		EF043C3F154DE2F500975BCD /* movie_thumbnail-01.png in Resources */ = {isa = PBXBuildFile; fileRef = EF043C3C154DE2F500975BCD /* movie_thumbnail-01.png */; };
		EF043C40154DE2F500975BCD /* play_button.png in Resources */ = {isa = PBXBuildFile; fileRef = EF043C3D154DE2F500975BCD /* play_button.png */; };
		EF043C41154DE2F500975BCD /* rtn_button.png in Resources */ = {isa = PBXBuildFile; fileRef = EF043C3E154DE2F500975BCD /* rtn_button.png */; };
		EF2387EB153B7D1600B9C8BD /* ActivityEntryView.xib in Resources */ = {isa = PBXBuildFile; fileRef = EF2387EA153B7D1600B9C8BD /* ActivityEntryView.xib */; };
		EF2387EF153B7D7700B9C8BD /* totActivityEntryViewController.m in Sources */ = {isa = PBXBuildFile; fileRef = EF2387EE153B7D7700B9C8BD /* totActivityEntryViewController.m */; };
		EF2387F2153BC3E500B9C8BD /* challenge.png in Resources */ = {isa = PBXBuildFile; fileRef = EF2387F1153BC3E500B9C8BD /* challenge.png */; };
		EF2387F5153BC4C300B9C8BD /* totActivityViewController.m in Sources */ = {isa = PBXBuildFile; fileRef = EF2387F4153BC4C300B9C8BD /* totActivityViewController.m */; };
		EF2387F7153BC4F300B9C8BD /* ActivityView.xib in Resources */ = {isa = PBXBuildFile; fileRef = EF2387F6153BC4F300B9C8BD /* ActivityView.xib */; };
		EF2387F9153BC56E00B9C8BD /* CameraView.xib in Resources */ = {isa = PBXBuildFile; fileRef = EF2387F8153BC56D00B9C8BD /* CameraView.xib */; };
		EF2387FC153BC5AB00B9C8BD /* totCameraViewController.m in Sources */ = {isa = PBXBuildFile; fileRef = EF2387FB153BC5AB00B9C8BD /* totCameraViewController.m */; };
		EF2387FE153BC64A00B9C8BD /* ActivityInfoView.xib in Resources */ = {isa = PBXBuildFile; fileRef = EF2387FD153BC64A00B9C8BD /* ActivityInfoView.xib */; };
		EF238801153BC67B00B9C8BD /* totActivityInfoViewController.m in Sources */ = {isa = PBXBuildFile; fileRef = EF238800153BC67B00B9C8BD /* totActivityInfoViewController.m */; };
		EF238803153BC6EB00B9C8BD /* ActivityAlbumView.xib in Resources */ = {isa = PBXBuildFile; fileRef = EF238802153BC6EB00B9C8BD /* ActivityAlbumView.xib */; };
		EF238806153BC71400B9C8BD /* totActivityAlbumViewController.m in Sources */ = {isa = PBXBuildFile; fileRef = EF238805153BC71400B9C8BD /* totActivityAlbumViewController.m */; };
		EF238813153CE0C000B9C8BD /* chew.png in Resources */ = {isa = PBXBuildFile; fileRef = EF23880B153CE0C000B9C8BD /* chew.png */; };
		EF238814153CE0C000B9C8BD /* emotion.png in Resources */ = {isa = PBXBuildFile; fileRef = EF23880C153CE0C000B9C8BD /* emotion.png */; };
		EF238815153CE0C000B9C8BD /* eye_contact.png in Resources */ = {isa = PBXBuildFile; fileRef = EF23880D153CE0C000B9C8BD /* eye_contact.png */; };
		EF238816153CE0C000B9C8BD /* gesture.png in Resources */ = {isa = PBXBuildFile; fileRef = EF23880E153CE0C000B9C8BD /* gesture.png */; };
		EF238817153CE0C000B9C8BD /* imitation.png in Resources */ = {isa = PBXBuildFile; fileRef = EF23880F153CE0C000B9C8BD /* imitation.png */; };
		EF238818153CE0C000B9C8BD /* mirror_test.png in Resources */ = {isa = PBXBuildFile; fileRef = EF238810153CE0C000B9C8BD /* mirror_test.png */; };
		EF238819153CE0C000B9C8BD /* motor_skill.png in Resources */ = {isa = PBXBuildFile; fileRef = EF238811153CE0C000B9C8BD /* motor_skill.png */; };
		EF23881A153CE0C000B9C8BD /* vision_attention.png in Resources */ = {isa = PBXBuildFile; fileRef = EF238812153CE0C000B9C8BD /* vision_attention.png */; };
		EF23881C153E192700B9C8BD /* challenge_background.png in Resources */ = {isa = PBXBuildFile; fileRef = EF23881B153E192700B9C8BD /* challenge_background.png */; };
		EF23881F153E197D00B9C8BD /* AVFoundation.framework in Frameworks */ = {isa = PBXBuildFile; fileRef = EF23881D153E197B00B9C8BD /* AVFoundation.framework */; };
		EF238820153E197D00B9C8BD /* CoreMedia.framework in Frameworks */ = {isa = PBXBuildFile; fileRef = EF23881E153E197D00B9C8BD /* CoreMedia.framework */; };
		EF238826153E19E800B9C8BD /* MediaPlayer.framework in Frameworks */ = {isa = PBXBuildFile; fileRef = EF238824153E19E700B9C8BD /* MediaPlayer.framework */; };
		EF238827153E19E800B9C8BD /* MobileCoreServices.framework in Frameworks */ = {isa = PBXBuildFile; fileRef = EF238825153E19E800B9C8BD /* MobileCoreServices.framework */; };
		EF238829153E1A0D00B9C8BD /* QuartzCore.framework in Frameworks */ = {isa = PBXBuildFile; fileRef = EF238828153E1A0C00B9C8BD /* QuartzCore.framework */; };
		EF5FBB59154E6A0A00CBBA27 /* totPhotoView.m in Sources */ = {isa = PBXBuildFile; fileRef = EF5FBB58154E6A0900CBBA27 /* totPhotoView.m */; };
		EF5FBB5C154E7B8E00CBBA27 /* PhotoView.xib in Resources */ = {isa = PBXBuildFile; fileRef = EF5FBB5B154E7B8E00CBBA27 /* PhotoView.xib */; };
		EF6283761536674B004031D6 /* UIKit.framework in Frameworks */ = {isa = PBXBuildFile; fileRef = EF6283751536674B004031D6 /* UIKit.framework */; };
		EF6283781536674B004031D6 /* Foundation.framework in Frameworks */ = {isa = PBXBuildFile; fileRef = EF6283771536674B004031D6 /* Foundation.framework */; };
		EF62837A1536674B004031D6 /* CoreGraphics.framework in Frameworks */ = {isa = PBXBuildFile; fileRef = EF6283791536674B004031D6 /* CoreGraphics.framework */; };
		EF6283801536674C004031D6 /* InfoPlist.strings in Resources */ = {isa = PBXBuildFile; fileRef = EF62837E1536674C004031D6 /* InfoPlist.strings */; };
		EF6283821536674C004031D6 /* main.m in Sources */ = {isa = PBXBuildFile; fileRef = EF6283811536674C004031D6 /* main.m */; };
		EF6283861536674C004031D6 /* AppDelegate.m in Sources */ = {isa = PBXBuildFile; fileRef = EF6283851536674C004031D6 /* AppDelegate.m */; };
		EF62838E15366833004031D6 /* MainWindow.xib in Resources */ = {isa = PBXBuildFile; fileRef = EF62838D15366833004031D6 /* MainWindow.xib */; };
		EF62839115366860004031D6 /* totUITabBarController.m in Sources */ = {isa = PBXBuildFile; fileRef = EF6283901536685F004031D6 /* totUITabBarController.m */; };
		EF62839815366D9A004031D6 /* totHomeRootController.m in Sources */ = {isa = PBXBuildFile; fileRef = EF62839715366D9A004031D6 /* totHomeRootController.m */; };
		EF62839B15366DB2004031D6 /* totActivityRootController.m in Sources */ = {isa = PBXBuildFile; fileRef = EF62839A15366DB2004031D6 /* totActivityRootController.m */; };
		EF62839E15366DCD004031D6 /* totReviewRootController.m in Sources */ = {isa = PBXBuildFile; fileRef = EF62839D15366DCD004031D6 /* totReviewRootController.m */; };
		EF6283A115366DE4004031D6 /* totSettingRootController.m in Sources */ = {isa = PBXBuildFile; fileRef = EF6283A015366DE4004031D6 /* totSettingRootController.m */; };
		EF6283A815366E3A004031D6 /* activity.png in Resources */ = {isa = PBXBuildFile; fileRef = EF6283A415366E3A004031D6 /* activity.png */; };
		EF6283A915366E3A004031D6 /* home.png in Resources */ = {isa = PBXBuildFile; fileRef = EF6283A515366E3A004031D6 /* home.png */; };
		EF6283AA15366E3A004031D6 /* review.png in Resources */ = {isa = PBXBuildFile; fileRef = EF6283A615366E3A004031D6 /* review.png */; };
		EF6283AB15366E3A004031D6 /* setting.png in Resources */ = {isa = PBXBuildFile; fileRef = EF6283A715366E3A004031D6 /* setting.png */; };
		EF6283AE15367730004031D6 /* totHomeEntryViewController.m in Sources */ = {isa = PBXBuildFile; fileRef = EF6283AD1536772F004031D6 /* totHomeEntryViewController.m */; };
		EF6283B015367744004031D6 /* HomeView.xib in Resources */ = {isa = PBXBuildFile; fileRef = EF6283AF15367744004031D6 /* HomeView.xib */; };
		EF97E7CB153B4BA90037E52D /* totImageView.m in Sources */ = {isa = PBXBuildFile; fileRef = EF97E7CA153B4BA90037E52D /* totImageView.m */; };
		EF97E7CD153B4F040037E52D /* mainscreen.png in Resources */ = {isa = PBXBuildFile; fileRef = EF97E7CC153B4F040037E52D /* mainscreen.png */; };
		EFA1DE32154DF41F00970F0C /* totActivityUtility.m in Sources */ = {isa = PBXBuildFile; fileRef = EFA1DE31154DF41F00970F0C /* totActivityUtility.m */; };
/* End PBXBuildFile section */

/* Begin PBXFileReference section */
		15414F9F154CBB8F00C3C828 /* 3.png */ = {isa = PBXFileReference; lastKnownFileType = image.png; path = 3.png; sourceTree = "<group>"; };
		15414FA0154CBB8F00C3C828 /* 4.png */ = {isa = PBXFileReference; lastKnownFileType = image.png; path = 4.png; sourceTree = "<group>"; };
		15414FA1154CBB8F00C3C828 /* 5.png */ = {isa = PBXFileReference; lastKnownFileType = image.png; path = 5.png; sourceTree = "<group>"; };
		15414FA2154CBB8F00C3C828 /* 6.png */ = {isa = PBXFileReference; lastKnownFileType = image.png; path = 6.png; sourceTree = "<group>"; };
		15414FA3154CBB8F00C3C828 /* 7.png */ = {isa = PBXFileReference; lastKnownFileType = image.png; path = 7.png; sourceTree = "<group>"; };
		15414FA4154CBB8F00C3C828 /* 8.png */ = {isa = PBXFileReference; lastKnownFileType = image.png; path = 8.png; sourceTree = "<group>"; };
		15414FA5154CBB8F00C3C828 /* 9.png */ = {isa = PBXFileReference; lastKnownFileType = image.png; path = 9.png; sourceTree = "<group>"; };
		15414FA6154CBB8F00C3C828 /* 10.png */ = {isa = PBXFileReference; lastKnownFileType = image.png; path = 10.png; sourceTree = "<group>"; };
		15414FA7154CBB8F00C3C828 /* 11.png */ = {isa = PBXFileReference; lastKnownFileType = image.png; path = 11.png; sourceTree = "<group>"; };
		15414FA8154CBB8F00C3C828 /* 12.png */ = {isa = PBXFileReference; lastKnownFileType = image.png; path = 12.png; sourceTree = "<group>"; };
		15414FA9154CBB8F00C3C828 /* 13.png */ = {isa = PBXFileReference; lastKnownFileType = image.png; path = 13.png; sourceTree = "<group>"; };
		15414FAA154CBB8F00C3C828 /* 14.png */ = {isa = PBXFileReference; lastKnownFileType = image.png; path = 14.png; sourceTree = "<group>"; };
		15414FAB154CBB8F00C3C828 /* 15.png */ = {isa = PBXFileReference; lastKnownFileType = image.png; path = 15.png; sourceTree = "<group>"; };
		15414FAC154CBB8F00C3C828 /* 16.png */ = {isa = PBXFileReference; lastKnownFileType = image.png; path = 16.png; sourceTree = "<group>"; };
		15414FAD154CBB8F00C3C828 /* 17.png */ = {isa = PBXFileReference; lastKnownFileType = image.png; path = 17.png; sourceTree = "<group>"; };
		15414FAE154CBB8F00C3C828 /* 18.png */ = {isa = PBXFileReference; lastKnownFileType = image.png; path = 18.png; sourceTree = "<group>"; };
		15414FAF154CBB8F00C3C828 /* 19.png */ = {isa = PBXFileReference; lastKnownFileType = image.png; path = 19.png; sourceTree = "<group>"; };
		15414FB0154CBB8F00C3C828 /* 20.png */ = {isa = PBXFileReference; lastKnownFileType = image.png; path = 20.png; sourceTree = "<group>"; };
		15414FB1154CBB8F00C3C828 /* 21.png */ = {isa = PBXFileReference; lastKnownFileType = image.png; path = 21.png; sourceTree = "<group>"; };
		15414FB2154CBB8F00C3C828 /* 22.png */ = {isa = PBXFileReference; lastKnownFileType = image.png; path = 22.png; sourceTree = "<group>"; };
		15414FB3154CBB8F00C3C828 /* 23.png */ = {isa = PBXFileReference; lastKnownFileType = image.png; path = 23.png; sourceTree = "<group>"; };
		15414FB4154CBB8F00C3C828 /* 24.png */ = {isa = PBXFileReference; lastKnownFileType = image.png; path = 24.png; sourceTree = "<group>"; };
		15414FB5154CBB8F00C3C828 /* 25.png */ = {isa = PBXFileReference; lastKnownFileType = image.png; path = 25.png; sourceTree = "<group>"; };
		15414FB6154CBB8F00C3C828 /* 26.png */ = {isa = PBXFileReference; lastKnownFileType = image.png; path = 26.png; sourceTree = "<group>"; };
		15414FB7154CBB8F00C3C828 /* 27.png */ = {isa = PBXFileReference; lastKnownFileType = image.png; path = 27.png; sourceTree = "<group>"; };
		15414FB8154CBB8F00C3C828 /* 28.png */ = {isa = PBXFileReference; lastKnownFileType = image.png; path = 28.png; sourceTree = "<group>"; };
		15414FB9154CBB8F00C3C828 /* 29.png */ = {isa = PBXFileReference; lastKnownFileType = image.png; path = 29.png; sourceTree = "<group>"; };
		15414FBA154CBB8F00C3C828 /* 30.png */ = {isa = PBXFileReference; lastKnownFileType = image.png; path = 30.png; sourceTree = "<group>"; };
		15414FBB154CBB8F00C3C828 /* margin.png */ = {isa = PBXFileReference; lastKnownFileType = image.png; path = margin.png; sourceTree = "<group>"; };
		15414FBC154CBB8F00C3C828 /* play-button.png */ = {isa = PBXFileReference; lastKnownFileType = image.png; path = "play-button.png"; sourceTree = "<group>"; };
		15414FDD154CCB8800C3C828 /* totUtility.h */ = {isa = PBXFileReference; fileEncoding = 4; lastKnownFileType = sourcecode.c.h; name = totUtility.h; path = Utility/totUtility.h; sourceTree = "<group>"; };
		15414FDE154CCB8800C3C828 /* totUtility.m */ = {isa = PBXFileReference; fileEncoding = 4; lastKnownFileType = sourcecode.c.objc; name = totUtility.m; path = Utility/totUtility.m; sourceTree = "<group>"; };
		3FC1B6FB1543680300295447 /* libsqlite3.dylib */ = {isa = PBXFileReference; lastKnownFileType = "compiled.mach-o.dylib"; name = libsqlite3.dylib; path = usr/lib/libsqlite3.dylib; sourceTree = SDKROOT; };
		3FC1B6FF1543689500295447 /* totdb.sqlite */ = {isa = PBXFileReference; lastKnownFileType = file; path = totdb.sqlite; sourceTree = "<group>"; };
		3FC1B7041543841800295447 /* totModel.h */ = {isa = PBXFileReference; fileEncoding = 4; lastKnownFileType = sourcecode.c.h; name = totModel.h; path = totdev/Model/totModel.h; sourceTree = "<group>"; };
		3FC1B7051543841800295447 /* totModel.m */ = {isa = PBXFileReference; fileEncoding = 4; lastKnownFileType = sourcecode.c.objc; name = totModel.m; path = totdev/Model/totModel.m; sourceTree = "<group>"; };
		3FC1B7071544F19600295447 /* totEvent.h */ = {isa = PBXFileReference; fileEncoding = 4; lastKnownFileType = sourcecode.c.h; name = totEvent.h; path = totdev/Model/totEvent.h; sourceTree = "<group>"; };
		3FC1B7081544F19600295447 /* totEvent.m */ = {isa = PBXFileReference; fileEncoding = 4; lastKnownFileType = sourcecode.c.objc; name = totEvent.m; path = totdev/Model/totEvent.m; sourceTree = "<group>"; };
		3FE9B5F5154A303100199AAF /* test_Model.h */ = {isa = PBXFileReference; fileEncoding = 4; lastKnownFileType = sourcecode.c.h; name = test_Model.h; path = Tests/test_Model.h; sourceTree = "<group>"; };
		3FE9B5F6154A303100199AAF /* test_Model.m */ = {isa = PBXFileReference; fileEncoding = 4; lastKnownFileType = sourcecode.c.objc; name = test_Model.m; path = Tests/test_Model.m; sourceTree = "<group>"; };
		3FE9B5F8154A313700199AAF /* totSliderView.h */ = {isa = PBXFileReference; fileEncoding = 4; lastKnownFileType = sourcecode.c.h; name = totSliderView.h; path = Utility/totSliderView.h; sourceTree = "<group>"; };
		3FE9B5F9154A313700199AAF /* totSliderView.m */ = {isa = PBXFileReference; fileEncoding = 4; lastKnownFileType = sourcecode.c.objc; name = totSliderView.m; path = Utility/totSliderView.m; sourceTree = "<group>"; };
		CE5C09F8154CCFDB00D41114 /* moviePlayerViewController.h */ = {isa = PBXFileReference; fileEncoding = 4; lastKnownFileType = sourcecode.c.h; name = moviePlayerViewController.h; path = Utility/moviePlayerViewController.h; sourceTree = "<group>"; };
		CE5C09F9154CCFDB00D41114 /* moviePlayerViewController.m */ = {isa = PBXFileReference; fileEncoding = 4; lastKnownFileType = sourcecode.c.objc; name = moviePlayerViewController.m; path = Utility/moviePlayerViewController.m; sourceTree = "<group>"; };
		CE5C09FA154CCFDB00D41114 /* totAlbumViewController.h */ = {isa = PBXFileReference; fileEncoding = 4; lastKnownFileType = sourcecode.c.h; name = totAlbumViewController.h; path = Utility/totAlbumViewController.h; sourceTree = "<group>"; };
		CE5C09FB154CCFDB00D41114 /* totAlbumViewController.m */ = {isa = PBXFileReference; fileEncoding = 4; lastKnownFileType = sourcecode.c.objc; name = totAlbumViewController.m; path = Utility/totAlbumViewController.m; sourceTree = "<group>"; };
		EF043C29154D238000975BCD /* camera.png */ = {isa = PBXFileReference; lastKnownFileType = image.png; path = camera.png; sourceTree = "<group>"; };
		EF043C2A154D238000975BCD /* video.png */ = {isa = PBXFileReference; lastKnownFileType = image.png; path = video.png; sourceTree = "<group>"; };
		EF043C31154D39CC00975BCD /* messagebox.png */ = {isa = PBXFileReference; lastKnownFileType = image.png; path = messagebox.png; sourceTree = "<group>"; };
		EF043C37154DBB5200975BCD /* 1.png */ = {isa = PBXFileReference; lastKnownFileType = image.png; path = 1.png; sourceTree = "<group>"; };
		EF043C38154DBB5200975BCD /* 2.png */ = {isa = PBXFileReference; lastKnownFileType = image.png; path = 2.png; sourceTree = "<group>"; };
		EF043C3C154DE2F500975BCD /* movie_thumbnail-01.png */ = {isa = PBXFileReference; lastKnownFileType = image.png; path = "movie_thumbnail-01.png"; sourceTree = "<group>"; };
		EF043C3D154DE2F500975BCD /* play_button.png */ = {isa = PBXFileReference; lastKnownFileType = image.png; path = play_button.png; sourceTree = "<group>"; };
		EF043C3E154DE2F500975BCD /* rtn_button.png */ = {isa = PBXFileReference; lastKnownFileType = image.png; path = rtn_button.png; sourceTree = "<group>"; };
		EF2387EA153B7D1600B9C8BD /* ActivityEntryView.xib */ = {isa = PBXFileReference; fileEncoding = 4; lastKnownFileType = file.xib; path = ActivityEntryView.xib; sourceTree = "<group>"; };
		EF2387ED153B7D7700B9C8BD /* totActivityEntryViewController.h */ = {isa = PBXFileReference; fileEncoding = 4; lastKnownFileType = sourcecode.c.h; name = totActivityEntryViewController.h; path = Activity/totActivityEntryViewController.h; sourceTree = "<group>"; };
		EF2387EE153B7D7700B9C8BD /* totActivityEntryViewController.m */ = {isa = PBXFileReference; fileEncoding = 4; lastKnownFileType = sourcecode.c.objc; name = totActivityEntryViewController.m; path = Activity/totActivityEntryViewController.m; sourceTree = "<group>"; };
		EF2387F1153BC3E500B9C8BD /* challenge.png */ = {isa = PBXFileReference; lastKnownFileType = image.png; path = challenge.png; sourceTree = "<group>"; };
		EF2387F3153BC4C300B9C8BD /* totActivityViewController.h */ = {isa = PBXFileReference; fileEncoding = 4; lastKnownFileType = sourcecode.c.h; name = totActivityViewController.h; path = Activity/totActivityViewController.h; sourceTree = "<group>"; };
		EF2387F4153BC4C300B9C8BD /* totActivityViewController.m */ = {isa = PBXFileReference; fileEncoding = 4; lastKnownFileType = sourcecode.c.objc; name = totActivityViewController.m; path = Activity/totActivityViewController.m; sourceTree = "<group>"; };
		EF2387F6153BC4F300B9C8BD /* ActivityView.xib */ = {isa = PBXFileReference; fileEncoding = 4; lastKnownFileType = file.xib; path = ActivityView.xib; sourceTree = "<group>"; };
		EF2387F8153BC56D00B9C8BD /* CameraView.xib */ = {isa = PBXFileReference; fileEncoding = 4; lastKnownFileType = file.xib; path = CameraView.xib; sourceTree = "<group>"; };
		EF2387FA153BC5AB00B9C8BD /* totCameraViewController.h */ = {isa = PBXFileReference; fileEncoding = 4; lastKnownFileType = sourcecode.c.h; name = totCameraViewController.h; path = Utility/totCameraViewController.h; sourceTree = "<group>"; };
		EF2387FB153BC5AB00B9C8BD /* totCameraViewController.m */ = {isa = PBXFileReference; fileEncoding = 4; lastKnownFileType = sourcecode.c.objc; name = totCameraViewController.m; path = Utility/totCameraViewController.m; sourceTree = "<group>"; };
		EF2387FD153BC64A00B9C8BD /* ActivityInfoView.xib */ = {isa = PBXFileReference; fileEncoding = 4; lastKnownFileType = file.xib; path = ActivityInfoView.xib; sourceTree = "<group>"; };
		EF2387FF153BC67B00B9C8BD /* totActivityInfoViewController.h */ = {isa = PBXFileReference; fileEncoding = 4; lastKnownFileType = sourcecode.c.h; name = totActivityInfoViewController.h; path = Activity/totActivityInfoViewController.h; sourceTree = "<group>"; };
		EF238800153BC67B00B9C8BD /* totActivityInfoViewController.m */ = {isa = PBXFileReference; fileEncoding = 4; lastKnownFileType = sourcecode.c.objc; name = totActivityInfoViewController.m; path = Activity/totActivityInfoViewController.m; sourceTree = "<group>"; };
		EF238802153BC6EB00B9C8BD /* ActivityAlbumView.xib */ = {isa = PBXFileReference; fileEncoding = 4; lastKnownFileType = file.xib; path = ActivityAlbumView.xib; sourceTree = "<group>"; };
		EF238804153BC71400B9C8BD /* totActivityAlbumViewController.h */ = {isa = PBXFileReference; fileEncoding = 4; lastKnownFileType = sourcecode.c.h; name = totActivityAlbumViewController.h; path = Activity/totActivityAlbumViewController.h; sourceTree = "<group>"; };
		EF238805153BC71400B9C8BD /* totActivityAlbumViewController.m */ = {isa = PBXFileReference; fileEncoding = 4; lastKnownFileType = sourcecode.c.objc; name = totActivityAlbumViewController.m; path = Activity/totActivityAlbumViewController.m; sourceTree = "<group>"; };
		EF23880B153CE0C000B9C8BD /* chew.png */ = {isa = PBXFileReference; lastKnownFileType = image.png; path = chew.png; sourceTree = "<group>"; };
		EF23880C153CE0C000B9C8BD /* emotion.png */ = {isa = PBXFileReference; lastKnownFileType = image.png; path = emotion.png; sourceTree = "<group>"; };
		EF23880D153CE0C000B9C8BD /* eye_contact.png */ = {isa = PBXFileReference; lastKnownFileType = image.png; path = eye_contact.png; sourceTree = "<group>"; };
		EF23880E153CE0C000B9C8BD /* gesture.png */ = {isa = PBXFileReference; lastKnownFileType = image.png; path = gesture.png; sourceTree = "<group>"; };
		EF23880F153CE0C000B9C8BD /* imitation.png */ = {isa = PBXFileReference; lastKnownFileType = image.png; path = imitation.png; sourceTree = "<group>"; };
		EF238810153CE0C000B9C8BD /* mirror_test.png */ = {isa = PBXFileReference; lastKnownFileType = image.png; path = mirror_test.png; sourceTree = "<group>"; };
		EF238811153CE0C000B9C8BD /* motor_skill.png */ = {isa = PBXFileReference; lastKnownFileType = image.png; path = motor_skill.png; sourceTree = "<group>"; };
		EF238812153CE0C000B9C8BD /* vision_attention.png */ = {isa = PBXFileReference; lastKnownFileType = image.png; path = vision_attention.png; sourceTree = "<group>"; };
		EF23881B153E192700B9C8BD /* challenge_background.png */ = {isa = PBXFileReference; lastKnownFileType = image.png; path = challenge_background.png; sourceTree = "<group>"; };
		EF23881D153E197B00B9C8BD /* AVFoundation.framework */ = {isa = PBXFileReference; lastKnownFileType = wrapper.framework; name = AVFoundation.framework; path = System/Library/Frameworks/AVFoundation.framework; sourceTree = SDKROOT; };
		EF23881E153E197D00B9C8BD /* CoreMedia.framework */ = {isa = PBXFileReference; lastKnownFileType = wrapper.framework; name = CoreMedia.framework; path = System/Library/Frameworks/CoreMedia.framework; sourceTree = SDKROOT; };
		EF238824153E19E700B9C8BD /* MediaPlayer.framework */ = {isa = PBXFileReference; lastKnownFileType = wrapper.framework; name = MediaPlayer.framework; path = System/Library/Frameworks/MediaPlayer.framework; sourceTree = SDKROOT; };
		EF238825153E19E800B9C8BD /* MobileCoreServices.framework */ = {isa = PBXFileReference; lastKnownFileType = wrapper.framework; name = MobileCoreServices.framework; path = System/Library/Frameworks/MobileCoreServices.framework; sourceTree = SDKROOT; };
		EF238828153E1A0C00B9C8BD /* QuartzCore.framework */ = {isa = PBXFileReference; lastKnownFileType = wrapper.framework; name = QuartzCore.framework; path = System/Library/Frameworks/QuartzCore.framework; sourceTree = SDKROOT; };
		EF5FBB57154E6A0900CBBA27 /* totPhotoView.h */ = {isa = PBXFileReference; fileEncoding = 4; lastKnownFileType = sourcecode.c.h; name = totPhotoView.h; path = Utility/totPhotoView.h; sourceTree = "<group>"; };
		EF5FBB58154E6A0900CBBA27 /* totPhotoView.m */ = {isa = PBXFileReference; fileEncoding = 4; lastKnownFileType = sourcecode.c.objc; name = totPhotoView.m; path = Utility/totPhotoView.m; sourceTree = "<group>"; };
		EF5FBB5B154E7B8E00CBBA27 /* PhotoView.xib */ = {isa = PBXFileReference; fileEncoding = 4; lastKnownFileType = file.xib; path = PhotoView.xib; sourceTree = "<group>"; };
		EF6283711536674B004031D6 /* totdev.app */ = {isa = PBXFileReference; explicitFileType = wrapper.application; includeInIndex = 0; path = totdev.app; sourceTree = BUILT_PRODUCTS_DIR; };
		EF6283751536674B004031D6 /* UIKit.framework */ = {isa = PBXFileReference; lastKnownFileType = wrapper.framework; name = UIKit.framework; path = System/Library/Frameworks/UIKit.framework; sourceTree = SDKROOT; };
		EF6283771536674B004031D6 /* Foundation.framework */ = {isa = PBXFileReference; lastKnownFileType = wrapper.framework; name = Foundation.framework; path = System/Library/Frameworks/Foundation.framework; sourceTree = SDKROOT; };
		EF6283791536674B004031D6 /* CoreGraphics.framework */ = {isa = PBXFileReference; lastKnownFileType = wrapper.framework; name = CoreGraphics.framework; path = System/Library/Frameworks/CoreGraphics.framework; sourceTree = SDKROOT; };
		EF62837D1536674C004031D6 /* totdev-Info.plist */ = {isa = PBXFileReference; lastKnownFileType = text.plist.xml; path = "totdev-Info.plist"; sourceTree = "<group>"; };
		EF62837F1536674C004031D6 /* en */ = {isa = PBXFileReference; lastKnownFileType = text.plist.strings; name = en; path = en.lproj/InfoPlist.strings; sourceTree = "<group>"; };
		EF6283811536674C004031D6 /* main.m */ = {isa = PBXFileReference; lastKnownFileType = sourcecode.c.objc; path = main.m; sourceTree = "<group>"; };
		EF6283831536674C004031D6 /* totdev-Prefix.pch */ = {isa = PBXFileReference; lastKnownFileType = sourcecode.c.h; path = "totdev-Prefix.pch"; sourceTree = "<group>"; };
		EF6283841536674C004031D6 /* AppDelegate.h */ = {isa = PBXFileReference; lastKnownFileType = sourcecode.c.h; path = AppDelegate.h; sourceTree = "<group>"; };
		EF6283851536674C004031D6 /* AppDelegate.m */ = {isa = PBXFileReference; lastKnownFileType = sourcecode.c.objc; path = AppDelegate.m; sourceTree = "<group>"; };
		EF62838D15366833004031D6 /* MainWindow.xib */ = {isa = PBXFileReference; fileEncoding = 4; lastKnownFileType = file.xib; path = MainWindow.xib; sourceTree = "<group>"; };
		EF62838F1536685F004031D6 /* totUITabBarController.h */ = {isa = PBXFileReference; fileEncoding = 4; lastKnownFileType = sourcecode.c.h; path = totUITabBarController.h; sourceTree = "<group>"; };
		EF6283901536685F004031D6 /* totUITabBarController.m */ = {isa = PBXFileReference; fileEncoding = 4; lastKnownFileType = sourcecode.c.objc; path = totUITabBarController.m; sourceTree = "<group>"; };
		EF62839615366D9A004031D6 /* totHomeRootController.h */ = {isa = PBXFileReference; fileEncoding = 4; lastKnownFileType = sourcecode.c.h; name = totHomeRootController.h; path = Home/totHomeRootController.h; sourceTree = "<group>"; };
		EF62839715366D9A004031D6 /* totHomeRootController.m */ = {isa = PBXFileReference; fileEncoding = 4; lastKnownFileType = sourcecode.c.objc; name = totHomeRootController.m; path = Home/totHomeRootController.m; sourceTree = "<group>"; };
		EF62839915366DB2004031D6 /* totActivityRootController.h */ = {isa = PBXFileReference; fileEncoding = 4; lastKnownFileType = sourcecode.c.h; name = totActivityRootController.h; path = Activity/totActivityRootController.h; sourceTree = "<group>"; };
		EF62839A15366DB2004031D6 /* totActivityRootController.m */ = {isa = PBXFileReference; fileEncoding = 4; lastKnownFileType = sourcecode.c.objc; name = totActivityRootController.m; path = Activity/totActivityRootController.m; sourceTree = "<group>"; };
		EF62839C15366DCD004031D6 /* totReviewRootController.h */ = {isa = PBXFileReference; fileEncoding = 4; lastKnownFileType = sourcecode.c.h; name = totReviewRootController.h; path = Review/totReviewRootController.h; sourceTree = "<group>"; };
		EF62839D15366DCD004031D6 /* totReviewRootController.m */ = {isa = PBXFileReference; fileEncoding = 4; lastKnownFileType = sourcecode.c.objc; name = totReviewRootController.m; path = Review/totReviewRootController.m; sourceTree = "<group>"; };
		EF62839F15366DE4004031D6 /* totSettingRootController.h */ = {isa = PBXFileReference; fileEncoding = 4; lastKnownFileType = sourcecode.c.h; name = totSettingRootController.h; path = Setting/totSettingRootController.h; sourceTree = "<group>"; };
		EF6283A015366DE4004031D6 /* totSettingRootController.m */ = {isa = PBXFileReference; fileEncoding = 4; lastKnownFileType = sourcecode.c.objc; name = totSettingRootController.m; path = Setting/totSettingRootController.m; sourceTree = "<group>"; };
		EF6283A415366E3A004031D6 /* activity.png */ = {isa = PBXFileReference; lastKnownFileType = image.png; path = activity.png; sourceTree = "<group>"; };
		EF6283A515366E3A004031D6 /* home.png */ = {isa = PBXFileReference; lastKnownFileType = image.png; path = home.png; sourceTree = "<group>"; };
		EF6283A615366E3A004031D6 /* review.png */ = {isa = PBXFileReference; lastKnownFileType = image.png; path = review.png; sourceTree = "<group>"; };
		EF6283A715366E3A004031D6 /* setting.png */ = {isa = PBXFileReference; lastKnownFileType = image.png; path = setting.png; sourceTree = "<group>"; };
		EF6283AC1536772F004031D6 /* totHomeEntryViewController.h */ = {isa = PBXFileReference; fileEncoding = 4; lastKnownFileType = sourcecode.c.h; name = totHomeEntryViewController.h; path = Home/totHomeEntryViewController.h; sourceTree = "<group>"; };
		EF6283AD1536772F004031D6 /* totHomeEntryViewController.m */ = {isa = PBXFileReference; fileEncoding = 4; lastKnownFileType = sourcecode.c.objc; name = totHomeEntryViewController.m; path = Home/totHomeEntryViewController.m; sourceTree = "<group>"; };
		EF6283AF15367744004031D6 /* HomeView.xib */ = {isa = PBXFileReference; fileEncoding = 4; lastKnownFileType = file.xib; path = HomeView.xib; sourceTree = "<group>"; };
		EF7868511544A9A000E06BBF /* messagebox2.png */ = {isa = PBXFileReference; lastKnownFileType = image.png; path = messagebox2.png; sourceTree = "<group>"; };
		EF97E7C9153B4BA90037E52D /* totImageView.h */ = {isa = PBXFileReference; fileEncoding = 4; lastKnownFileType = sourcecode.c.h; name = totImageView.h; path = Utility/totImageView.h; sourceTree = "<group>"; };
		EF97E7CA153B4BA90037E52D /* totImageView.m */ = {isa = PBXFileReference; fileEncoding = 4; lastKnownFileType = sourcecode.c.objc; name = totImageView.m; path = Utility/totImageView.m; sourceTree = "<group>"; };
		EF97E7CC153B4F040037E52D /* mainscreen.png */ = {isa = PBXFileReference; lastKnownFileType = image.png; path = mainscreen.png; sourceTree = "<group>"; };
		EFA1DE30154DF41F00970F0C /* totActivityUtility.h */ = {isa = PBXFileReference; fileEncoding = 4; lastKnownFileType = sourcecode.c.h; name = totActivityUtility.h; path = Activity/totActivityUtility.h; sourceTree = "<group>"; };
		EFA1DE31154DF41F00970F0C /* totActivityUtility.m */ = {isa = PBXFileReference; fileEncoding = 4; lastKnownFileType = sourcecode.c.objc; name = totActivityUtility.m; path = Activity/totActivityUtility.m; sourceTree = "<group>"; };
		EFB259F5154FE30C00C4984A /* totActivityConst.h */ = {isa = PBXFileReference; fileEncoding = 4; lastKnownFileType = sourcecode.c.h; name = totActivityConst.h; path = Activity/totActivityConst.h; sourceTree = "<group>"; };
/* End PBXFileReference section */

/* Begin PBXFrameworksBuildPhase section */
		EF62836E1536674B004031D6 /* Frameworks */ = {
			isa = PBXFrameworksBuildPhase;
			buildActionMask = 2147483647;
			files = (
				3FC1B6FC1543680300295447 /* libsqlite3.dylib in Frameworks */,
				EF238829153E1A0D00B9C8BD /* QuartzCore.framework in Frameworks */,
				EF238826153E19E800B9C8BD /* MediaPlayer.framework in Frameworks */,
				EF238827153E19E800B9C8BD /* MobileCoreServices.framework in Frameworks */,
				EF23881F153E197D00B9C8BD /* AVFoundation.framework in Frameworks */,
				EF238820153E197D00B9C8BD /* CoreMedia.framework in Frameworks */,
				EF6283761536674B004031D6 /* UIKit.framework in Frameworks */,
				EF6283781536674B004031D6 /* Foundation.framework in Frameworks */,
				EF62837A1536674B004031D6 /* CoreGraphics.framework in Frameworks */,
			);
			runOnlyForDeploymentPostprocessing = 0;
		};
/* End PBXFrameworksBuildPhase section */

/* Begin PBXGroup section */
		15414F9B154CBB6400C3C828 /* View */ = {
			isa = PBXGroup;
			children = (
				EF043C37154DBB5200975BCD /* 1.png */,
				EF043C38154DBB5200975BCD /* 2.png */,
				15414F9F154CBB8F00C3C828 /* 3.png */,
				15414FA0154CBB8F00C3C828 /* 4.png */,
				15414FA1154CBB8F00C3C828 /* 5.png */,
				15414FA2154CBB8F00C3C828 /* 6.png */,
				15414FA3154CBB8F00C3C828 /* 7.png */,
				15414FA4154CBB8F00C3C828 /* 8.png */,
				15414FA5154CBB8F00C3C828 /* 9.png */,
				15414FA6154CBB8F00C3C828 /* 10.png */,
				15414FA7154CBB8F00C3C828 /* 11.png */,
				15414FA8154CBB8F00C3C828 /* 12.png */,
				15414FA9154CBB8F00C3C828 /* 13.png */,
				15414FAA154CBB8F00C3C828 /* 14.png */,
				15414FAB154CBB8F00C3C828 /* 15.png */,
				15414FAC154CBB8F00C3C828 /* 16.png */,
				15414FAD154CBB8F00C3C828 /* 17.png */,
				15414FAE154CBB8F00C3C828 /* 18.png */,
				15414FAF154CBB8F00C3C828 /* 19.png */,
				15414FB0154CBB8F00C3C828 /* 20.png */,
				15414FB1154CBB8F00C3C828 /* 21.png */,
				15414FB2154CBB8F00C3C828 /* 22.png */,
				15414FB3154CBB8F00C3C828 /* 23.png */,
				15414FB4154CBB8F00C3C828 /* 24.png */,
				15414FB5154CBB8F00C3C828 /* 25.png */,
				15414FB6154CBB8F00C3C828 /* 26.png */,
				15414FB7154CBB8F00C3C828 /* 27.png */,
				15414FB8154CBB8F00C3C828 /* 28.png */,
				15414FB9154CBB8F00C3C828 /* 29.png */,
				15414FBA154CBB8F00C3C828 /* 30.png */,
				15414FBB154CBB8F00C3C828 /* margin.png */,
				15414FBC154CBB8F00C3C828 /* play-button.png */,
			);
			name = View;
			sourceTree = "<group>";
		};
		3FC1B6FE1543681900295447 /* Model */ = {
			isa = PBXGroup;
			children = (
				3FC1B7041543841800295447 /* totModel.h */,
				3FC1B7051543841800295447 /* totModel.m */,
				3FC1B7071544F19600295447 /* totEvent.h */,
				3FC1B7081544F19600295447 /* totEvent.m */,
			);
			name = Model;
			path = ..;
			sourceTree = "<group>";
		};
		3FE9B5F4154A2FCF00199AAF /* Tests */ = {
			isa = PBXGroup;
			children = (
				3FE9B5F5154A303100199AAF /* test_Model.h */,
				3FE9B5F6154A303100199AAF /* test_Model.m */,
			);
			name = Tests;
			sourceTree = "<group>";
		};
		EF043C3B154DE2D600975BCD /* Utility */ = {
			isa = PBXGroup;
			children = (
				EF043C3C154DE2F500975BCD /* movie_thumbnail-01.png */,
				EF043C3D154DE2F500975BCD /* play_button.png */,
				EF043C3E154DE2F500975BCD /* rtn_button.png */,
			);
			name = Utility;
			sourceTree = "<group>";
		};
		EF2387F0153BC3AC00B9C8BD /* Activity */ = {
			isa = PBXGroup;
			children = (
				15414F9B154CBB6400C3C828 /* View */,
				EF7868541544BDED00E06BBF /* CameraView */,
				EF78684E1544A96500E06BBF /* InfoView */,
				EF23880A153CE09C00B9C8BD /* EntryView */,
				EF2387F1153BC3E500B9C8BD /* challenge.png */,
				EF23881B153E192700B9C8BD /* challenge_background.png */,
			);
			name = Activity;
			sourceTree = "<group>";
		};
		EF23880A153CE09C00B9C8BD /* EntryView */ = {
			isa = PBXGroup;
			children = (
				EF23880B153CE0C000B9C8BD /* chew.png */,
				EF23880C153CE0C000B9C8BD /* emotion.png */,
				EF23880D153CE0C000B9C8BD /* eye_contact.png */,
				EF23880E153CE0C000B9C8BD /* gesture.png */,
				EF23880F153CE0C000B9C8BD /* imitation.png */,
				EF238810153CE0C000B9C8BD /* mirror_test.png */,
				EF238811153CE0C000B9C8BD /* motor_skill.png */,
				EF238812153CE0C000B9C8BD /* vision_attention.png */,
			);
			name = EntryView;
			sourceTree = "<group>";
		};
		EF6283661536674B004031D6 = {
			isa = PBXGroup;
			children = (
				3FE9B5F4154A2FCF00199AAF /* Tests */,
				EF62838C153667BD004031D6 /* resources */,
				EF62837B1536674B004031D6 /* totdev */,
				EF6283741536674B004031D6 /* Frameworks */,
				EF6283721536674B004031D6 /* Products */,
				3FC1B6FF1543689500295447 /* totdb.sqlite */,
			);
			sourceTree = "<group>";
		};
		EF6283721536674B004031D6 /* Products */ = {
			isa = PBXGroup;
			children = (
				EF6283711536674B004031D6 /* totdev.app */,
			);
			name = Products;
			sourceTree = "<group>";
		};
		EF6283741536674B004031D6 /* Frameworks */ = {
			isa = PBXGroup;
			children = (
				3FC1B6FB1543680300295447 /* libsqlite3.dylib */,
				EF238828153E1A0C00B9C8BD /* QuartzCore.framework */,
				EF238824153E19E700B9C8BD /* MediaPlayer.framework */,
				EF238825153E19E800B9C8BD /* MobileCoreServices.framework */,
				EF23881D153E197B00B9C8BD /* AVFoundation.framework */,
				EF23881E153E197D00B9C8BD /* CoreMedia.framework */,
				EF6283751536674B004031D6 /* UIKit.framework */,
				EF6283771536674B004031D6 /* Foundation.framework */,
				EF6283791536674B004031D6 /* CoreGraphics.framework */,
			);
			name = Frameworks;
			sourceTree = "<group>";
		};
		EF62837B1536674B004031D6 /* totdev */ = {
			isa = PBXGroup;
			children = (
				3FC1B6FE1543681900295447 /* Model */,
				EF97E7C1153B43DD0037E52D /* Util */,
				EF62839515366D7A004031D6 /* Setting */,
				EF62839415366D74004031D6 /* Review */,
				EF62839315366D6A004031D6 /* Activity */,
				EF62839215366D62004031D6 /* Home */,
				EF6283841536674C004031D6 /* AppDelegate.h */,
				EF6283851536674C004031D6 /* AppDelegate.m */,
				EF62838F1536685F004031D6 /* totUITabBarController.h */,
				EF6283901536685F004031D6 /* totUITabBarController.m */,
				EF62837C1536674C004031D6 /* Supporting Files */,
			);
			path = totdev;
			sourceTree = "<group>";
		};
		EF62837C1536674C004031D6 /* Supporting Files */ = {
			isa = PBXGroup;
			children = (
				EF62837D1536674C004031D6 /* totdev-Info.plist */,
				EF62837E1536674C004031D6 /* InfoPlist.strings */,
				EF6283811536674C004031D6 /* main.m */,
				EF6283831536674C004031D6 /* totdev-Prefix.pch */,
			);
			name = "Supporting Files";
			sourceTree = "<group>";
		};
		EF62838C153667BD004031D6 /* resources */ = {
			isa = PBXGroup;
			children = (
				EF6283A215366DF1004031D6 /* Image */,
				EF62838D15366833004031D6 /* MainWindow.xib */,
				EF6283AF15367744004031D6 /* HomeView.xib */,
				EF2387F8153BC56D00B9C8BD /* CameraView.xib */,
				EF2387EA153B7D1600B9C8BD /* ActivityEntryView.xib */,
				EF2387F6153BC4F300B9C8BD /* ActivityView.xib */,
				EF2387FD153BC64A00B9C8BD /* ActivityInfoView.xib */,
				EF238802153BC6EB00B9C8BD /* ActivityAlbumView.xib */,
				EF5FBB5B154E7B8E00CBBA27 /* PhotoView.xib */,
			);
			name = resources;
			sourceTree = "<group>";
		};
		EF62839215366D62004031D6 /* Home */ = {
			isa = PBXGroup;
			children = (
				EF62839615366D9A004031D6 /* totHomeRootController.h */,
				EF62839715366D9A004031D6 /* totHomeRootController.m */,
				EF6283AC1536772F004031D6 /* totHomeEntryViewController.h */,
				EF6283AD1536772F004031D6 /* totHomeEntryViewController.m */,
			);
			name = Home;
			sourceTree = "<group>";
		};
		EF62839315366D6A004031D6 /* Activity */ = {
			isa = PBXGroup;
			children = (
				EFB259F5154FE30C00C4984A /* totActivityConst.h */,
				EF62839915366DB2004031D6 /* totActivityRootController.h */,
				EF62839A15366DB2004031D6 /* totActivityRootController.m */,
				EF2387ED153B7D7700B9C8BD /* totActivityEntryViewController.h */,
				EF2387EE153B7D7700B9C8BD /* totActivityEntryViewController.m */,
				EF2387F3153BC4C300B9C8BD /* totActivityViewController.h */,
				EF2387F4153BC4C300B9C8BD /* totActivityViewController.m */,
				EF2387FF153BC67B00B9C8BD /* totActivityInfoViewController.h */,
				EF238800153BC67B00B9C8BD /* totActivityInfoViewController.m */,
				EF238804153BC71400B9C8BD /* totActivityAlbumViewController.h */,
				EF238805153BC71400B9C8BD /* totActivityAlbumViewController.m */,
				EFA1DE30154DF41F00970F0C /* totActivityUtility.h */,
				EFA1DE31154DF41F00970F0C /* totActivityUtility.m */,
			);
			name = Activity;
			sourceTree = "<group>";
		};
		EF62839415366D74004031D6 /* Review */ = {
			isa = PBXGroup;
			children = (
				EF62839C15366DCD004031D6 /* totReviewRootController.h */,
				EF62839D15366DCD004031D6 /* totReviewRootController.m */,
			);
			name = Review;
			sourceTree = "<group>";
		};
		EF62839515366D7A004031D6 /* Setting */ = {
			isa = PBXGroup;
			children = (
				EF62839F15366DE4004031D6 /* totSettingRootController.h */,
				EF6283A015366DE4004031D6 /* totSettingRootController.m */,
			);
			name = Setting;
			sourceTree = "<group>";
		};
		EF6283A215366DF1004031D6 /* Image */ = {
			isa = PBXGroup;
			children = (
				EF043C3B154DE2D600975BCD /* Utility */,
				EF2387F0153BC3AC00B9C8BD /* Activity */,
				EF97E7C3153B49F30037E52D /* Home */,
				EF6283A315366DF8004031D6 /* TabIcon */,
			);
			name = Image;
			sourceTree = "<group>";
		};
		EF6283A315366DF8004031D6 /* TabIcon */ = {
			isa = PBXGroup;
			children = (
				EF6283A415366E3A004031D6 /* activity.png */,
				EF6283A515366E3A004031D6 /* home.png */,
				EF6283A615366E3A004031D6 /* review.png */,
				EF6283A715366E3A004031D6 /* setting.png */,
			);
			name = TabIcon;
			sourceTree = "<group>";
		};
		EF78684E1544A96500E06BBF /* InfoView */ = {
			isa = PBXGroup;
			children = (
				EF043C31154D39CC00975BCD /* messagebox.png */,
				EF7868511544A9A000E06BBF /* messagebox2.png */,
			);
			name = InfoView;
			sourceTree = "<group>";
		};
		EF7868541544BDED00E06BBF /* CameraView */ = {
			isa = PBXGroup;
			children = (
				EF043C29154D238000975BCD /* camera.png */,
				EF043C2A154D238000975BCD /* video.png */,
			);
			name = CameraView;
			sourceTree = "<group>";
		};
		EF97E7C1153B43DD0037E52D /* Util */ = {
			isa = PBXGroup;
			children = (
				CE5C09F8154CCFDB00D41114 /* moviePlayerViewController.h */,
				CE5C09F9154CCFDB00D41114 /* moviePlayerViewController.m */,
				CE5C09FA154CCFDB00D41114 /* totAlbumViewController.h */,
				CE5C09FB154CCFDB00D41114 /* totAlbumViewController.m */,
				EF5FBB57154E6A0900CBBA27 /* totPhotoView.h */,
				EF5FBB58154E6A0900CBBA27 /* totPhotoView.m */,
				3FE9B5F8154A313700199AAF /* totSliderView.h */,
				3FE9B5F9154A313700199AAF /* totSliderView.m */,
				EF97E7C9153B4BA90037E52D /* totImageView.h */,
				EF97E7CA153B4BA90037E52D /* totImageView.m */,
				EF2387FA153BC5AB00B9C8BD /* totCameraViewController.h */,
				EF2387FB153BC5AB00B9C8BD /* totCameraViewController.m */,
				15414FDD154CCB8800C3C828 /* totUtility.h */,
				15414FDE154CCB8800C3C828 /* totUtility.m */,
			);
			name = Util;
			sourceTree = "<group>";
		};
		EF97E7C3153B49F30037E52D /* Home */ = {
			isa = PBXGroup;
			children = (
				EF97E7CC153B4F040037E52D /* mainscreen.png */,
			);
			name = Home;
			sourceTree = "<group>";
		};
/* End PBXGroup section */

/* Begin PBXNativeTarget section */
		EF6283701536674B004031D6 /* totdev */ = {
			isa = PBXNativeTarget;
			buildConfigurationList = EF6283891536674C004031D6 /* Build configuration list for PBXNativeTarget "totdev" */;
			buildPhases = (
				EF62836D1536674B004031D6 /* Sources */,
				EF62836E1536674B004031D6 /* Frameworks */,
				EF62836F1536674B004031D6 /* Resources */,
			);
			buildRules = (
			);
			dependencies = (
			);
			name = totdev;
			productName = totdev;
			productReference = EF6283711536674B004031D6 /* totdev.app */;
			productType = "com.apple.product-type.application";
		};
/* End PBXNativeTarget section */

/* Begin PBXProject section */
		EF6283681536674B004031D6 /* Project object */ = {
			isa = PBXProject;
			attributes = {
				LastUpgradeCheck = 0420;
				ORGANIZATIONNAME = USC;
			};
			buildConfigurationList = EF62836B1536674B004031D6 /* Build configuration list for PBXProject "totdev" */;
			compatibilityVersion = "Xcode 3.2";
			developmentRegion = English;
			hasScannedForEncodings = 0;
			knownRegions = (
				en,
			);
			mainGroup = EF6283661536674B004031D6;
			productRefGroup = EF6283721536674B004031D6 /* Products */;
			projectDirPath = "";
			projectRoot = "";
			targets = (
				EF6283701536674B004031D6 /* totdev */,
			);
		};
/* End PBXProject section */

/* Begin PBXResourcesBuildPhase section */
		EF62836F1536674B004031D6 /* Resources */ = {
			isa = PBXResourcesBuildPhase;
			buildActionMask = 2147483647;
			files = (
				EF6283801536674C004031D6 /* InfoPlist.strings in Resources */,
				EF62838E15366833004031D6 /* MainWindow.xib in Resources */,
				EF6283A815366E3A004031D6 /* activity.png in Resources */,
				EF6283A915366E3A004031D6 /* home.png in Resources */,
				EF6283AA15366E3A004031D6 /* review.png in Resources */,
				EF6283AB15366E3A004031D6 /* setting.png in Resources */,
				EF6283B015367744004031D6 /* HomeView.xib in Resources */,
				EF97E7CD153B4F040037E52D /* mainscreen.png in Resources */,
				EF2387EB153B7D1600B9C8BD /* ActivityEntryView.xib in Resources */,
				EF2387F2153BC3E500B9C8BD /* challenge.png in Resources */,
				EF2387F7153BC4F300B9C8BD /* ActivityView.xib in Resources */,
				EF2387F9153BC56E00B9C8BD /* CameraView.xib in Resources */,
				EF2387FE153BC64A00B9C8BD /* ActivityInfoView.xib in Resources */,
				EF238803153BC6EB00B9C8BD /* ActivityAlbumView.xib in Resources */,
				EF238813153CE0C000B9C8BD /* chew.png in Resources */,
				EF238814153CE0C000B9C8BD /* emotion.png in Resources */,
				EF238815153CE0C000B9C8BD /* eye_contact.png in Resources */,
				EF238816153CE0C000B9C8BD /* gesture.png in Resources */,
				EF238817153CE0C000B9C8BD /* imitation.png in Resources */,
				EF238818153CE0C000B9C8BD /* mirror_test.png in Resources */,
				EF238819153CE0C000B9C8BD /* motor_skill.png in Resources */,
				EF23881A153CE0C000B9C8BD /* vision_attention.png in Resources */,
				EF23881C153E192700B9C8BD /* challenge_background.png in Resources */,
				3FC1B7001543689500295447 /* totdb.sqlite in Resources */,
				15414FBF154CBB8F00C3C828 /* 3.png in Resources */,
				15414FC0154CBB8F00C3C828 /* 4.png in Resources */,
				15414FC1154CBB8F00C3C828 /* 5.png in Resources */,
				15414FC2154CBB8F00C3C828 /* 6.png in Resources */,
				15414FC3154CBB8F00C3C828 /* 7.png in Resources */,
				15414FC4154CBB8F00C3C828 /* 8.png in Resources */,
				15414FC5154CBB8F00C3C828 /* 9.png in Resources */,
				15414FC6154CBB8F00C3C828 /* 10.png in Resources */,
				15414FC7154CBB8F00C3C828 /* 11.png in Resources */,
				15414FC8154CBB8F00C3C828 /* 12.png in Resources */,
				15414FC9154CBB8F00C3C828 /* 13.png in Resources */,
				15414FCA154CBB8F00C3C828 /* 14.png in Resources */,
				15414FCB154CBB8F00C3C828 /* 15.png in Resources */,
				15414FCC154CBB8F00C3C828 /* 16.png in Resources */,
				15414FCD154CBB8F00C3C828 /* 17.png in Resources */,
				15414FCE154CBB8F00C3C828 /* 18.png in Resources */,
				15414FCF154CBB8F00C3C828 /* 19.png in Resources */,
				15414FD0154CBB8F00C3C828 /* 20.png in Resources */,
				15414FD1154CBB8F00C3C828 /* 21.png in Resources */,
				15414FD2154CBB8F00C3C828 /* 22.png in Resources */,
				15414FD3154CBB8F00C3C828 /* 23.png in Resources */,
				15414FD4154CBB8F00C3C828 /* 24.png in Resources */,
				15414FD5154CBB8F00C3C828 /* 25.png in Resources */,
				15414FD6154CBB8F00C3C828 /* 26.png in Resources */,
				15414FD7154CBB8F00C3C828 /* 27.png in Resources */,
				15414FD8154CBB8F00C3C828 /* 28.png in Resources */,
				15414FD9154CBB8F00C3C828 /* 29.png in Resources */,
				15414FDA154CBB8F00C3C828 /* 30.png in Resources */,
				15414FDB154CBB8F00C3C828 /* margin.png in Resources */,
				15414FDC154CBB8F00C3C828 /* play-button.png in Resources */,
				EF043C2B154D238000975BCD /* camera.png in Resources */,
				EF043C2C154D238000975BCD /* video.png in Resources */,
				EF043C32154D39CC00975BCD /* messagebox.png in Resources */,
				EF043C39154DBB5200975BCD /* 1.png in Resources */,
				EF043C3A154DBB5200975BCD /* 2.png in Resources */,
				EF043C3F154DE2F500975BCD /* movie_thumbnail-01.png in Resources */,
				EF043C40154DE2F500975BCD /* play_button.png in Resources */,
				EF043C41154DE2F500975BCD /* rtn_button.png in Resources */,
				EF5FBB5C154E7B8E00CBBA27 /* PhotoView.xib in Resources */,
			);
			runOnlyForDeploymentPostprocessing = 0;
		};
/* End PBXResourcesBuildPhase section */

/* Begin PBXSourcesBuildPhase section */
		EF62836D1536674B004031D6 /* Sources */ = {
			isa = PBXSourcesBuildPhase;
			buildActionMask = 2147483647;
			files = (
				EF6283821536674C004031D6 /* main.m in Sources */,
				EF6283861536674C004031D6 /* AppDelegate.m in Sources */,
				EF62839115366860004031D6 /* totUITabBarController.m in Sources */,
				EF62839815366D9A004031D6 /* totHomeRootController.m in Sources */,
				EF62839B15366DB2004031D6 /* totActivityRootController.m in Sources */,
				EF62839E15366DCD004031D6 /* totReviewRootController.m in Sources */,
				EF6283A115366DE4004031D6 /* totSettingRootController.m in Sources */,
				EF6283AE15367730004031D6 /* totHomeEntryViewController.m in Sources */,
				EF97E7CB153B4BA90037E52D /* totImageView.m in Sources */,
				EF2387EF153B7D7700B9C8BD /* totActivityEntryViewController.m in Sources */,
				EF2387F5153BC4C300B9C8BD /* totActivityViewController.m in Sources */,
				EF2387FC153BC5AB00B9C8BD /* totCameraViewController.m in Sources */,
				EF238801153BC67B00B9C8BD /* totActivityInfoViewController.m in Sources */,
				EF238806153BC71400B9C8BD /* totActivityAlbumViewController.m in Sources */,
				3FC1B7061543841800295447 /* totModel.m in Sources */,
				3FC1B7091544F19700295447 /* totEvent.m in Sources */,
				3FE9B5F7154A303100199AAF /* test_Model.m in Sources */,
				3FE9B5FA154A313700199AAF /* totSliderView.m in Sources */,
				15414FDF154CCB8900C3C828 /* totUtility.m in Sources */,
				CE5C09FC154CCFDB00D41114 /* moviePlayerViewController.m in Sources */,
				CE5C09FD154CCFDB00D41114 /* totAlbumViewController.m in Sources */,
				EFA1DE32154DF41F00970F0C /* totActivityUtility.m in Sources */,
				EF5FBB59154E6A0A00CBBA27 /* totPhotoView.m in Sources */,
			);
			runOnlyForDeploymentPostprocessing = 0;
		};
/* End PBXSourcesBuildPhase section */

/* Begin PBXVariantGroup section */
		EF62837E1536674C004031D6 /* InfoPlist.strings */ = {
			isa = PBXVariantGroup;
			children = (
				EF62837F1536674C004031D6 /* en */,
			);
			name = InfoPlist.strings;
			sourceTree = "<group>";
		};
/* End PBXVariantGroup section */

/* Begin XCBuildConfiguration section */
		EF6283871536674C004031D6 /* Debug */ = {
			isa = XCBuildConfiguration;
			buildSettings = {
				ALWAYS_SEARCH_USER_PATHS = NO;
				ARCHS = "$(ARCHS_STANDARD_32_BIT)";
				"CODE_SIGN_IDENTITY[sdk=iphoneos*]" = "iPhone Developer";
				COPY_PHASE_STRIP = NO;
				GCC_C_LANGUAGE_STANDARD = gnu99;
				GCC_DYNAMIC_NO_PIC = NO;
				GCC_OPTIMIZATION_LEVEL = 0;
				GCC_PREPROCESSOR_DEFINITIONS = (
					"DEBUG=1",
					"$(inherited)",
				);
				GCC_SYMBOLS_PRIVATE_EXTERN = NO;
				GCC_VERSION = com.apple.compilers.llvm.clang.1_0;
				GCC_WARN_ABOUT_MISSING_PROTOTYPES = YES;
				GCC_WARN_ABOUT_RETURN_TYPE = YES;
				GCC_WARN_UNUSED_VARIABLE = YES;
				IPHONEOS_DEPLOYMENT_TARGET = 5.1;
				SDKROOT = iphoneos;
			};
			name = Debug;
		};
		EF6283881536674C004031D6 /* Release */ = {
			isa = XCBuildConfiguration;
			buildSettings = {
				ALWAYS_SEARCH_USER_PATHS = NO;
				ARCHS = "$(ARCHS_STANDARD_32_BIT)";
				"CODE_SIGN_IDENTITY[sdk=iphoneos*]" = "iPhone Developer";
				COPY_PHASE_STRIP = YES;
				GCC_C_LANGUAGE_STANDARD = gnu99;
				GCC_VERSION = com.apple.compilers.llvm.clang.1_0;
				GCC_WARN_ABOUT_MISSING_PROTOTYPES = YES;
				GCC_WARN_ABOUT_RETURN_TYPE = YES;
				GCC_WARN_UNUSED_VARIABLE = YES;
				IPHONEOS_DEPLOYMENT_TARGET = 5.1;
				OTHER_CFLAGS = "-DNS_BLOCK_ASSERTIONS=1";
				SDKROOT = iphoneos;
				VALIDATE_PRODUCT = YES;
			};
			name = Release;
		};
		EF62838A1536674C004031D6 /* Debug */ = {
			isa = XCBuildConfiguration;
			buildSettings = {
				GCC_PRECOMPILE_PREFIX_HEADER = YES;
				GCC_PREFIX_HEADER = "totdev/totdev-Prefix.pch";
				INFOPLIST_FILE = "totdev/totdev-Info.plist";
				PRODUCT_NAME = "$(TARGET_NAME)";
				WRAPPER_EXTENSION = app;
			};
			name = Debug;
		};
		EF62838B1536674C004031D6 /* Release */ = {
			isa = XCBuildConfiguration;
			buildSettings = {
				GCC_PRECOMPILE_PREFIX_HEADER = YES;
				GCC_PREFIX_HEADER = "totdev/totdev-Prefix.pch";
				INFOPLIST_FILE = "totdev/totdev-Info.plist";
				PRODUCT_NAME = "$(TARGET_NAME)";
				WRAPPER_EXTENSION = app;
			};
			name = Release;
		};
/* End XCBuildConfiguration section */

/* Begin XCConfigurationList section */
		EF62836B1536674B004031D6 /* Build configuration list for PBXProject "totdev" */ = {
			isa = XCConfigurationList;
			buildConfigurations = (
				EF6283871536674C004031D6 /* Debug */,
				EF6283881536674C004031D6 /* Release */,
			);
			defaultConfigurationIsVisible = 0;
			defaultConfigurationName = Release;
		};
		EF6283891536674C004031D6 /* Build configuration list for PBXNativeTarget "totdev" */ = {
			isa = XCConfigurationList;
			buildConfigurations = (
				EF62838A1536674C004031D6 /* Debug */,
				EF62838B1536674C004031D6 /* Release */,
			);
			defaultConfigurationIsVisible = 0;
			defaultConfigurationName = Release;
		};
/* End XCConfigurationList section */
	};
	rootObject = EF6283681536674B004031D6 /* Project object */;
}
